// !$*UTF8*$!
{
	archiveVersion = 1;
	classes = {
	};
	objectVersion = 46;
	objects = {

/* Begin PBXBuildFile section */
		3A14482516B43A6B00E84D42 /* Cocoa.framework in Frameworks */ = {isa = PBXBuildFile; fileRef = 3A14482416B43A6B00E84D42 /* Cocoa.framework */; };
		3A14482F16B43A6B00E84D42 /* InfoPlist.strings in Resources */ = {isa = PBXBuildFile; fileRef = 3A14482D16B43A6B00E84D42 /* InfoPlist.strings */; };
		3A14483116B43A6B00E84D42 /* main.m in Sources */ = {isa = PBXBuildFile; fileRef = 3A14483016B43A6B00E84D42 /* main.m */; };
		3A14483516B43A6B00E84D42 /* Credits.rtf in Resources */ = {isa = PBXBuildFile; fileRef = 3A14483316B43A6B00E84D42 /* Credits.rtf */; };
		3A14483816B43A6B00E84D42 /* AEAppDelegate.m in Sources */ = {isa = PBXBuildFile; fileRef = 3A14483716B43A6B00E84D42 /* AEAppDelegate.m */; };
		3A14483B16B43A6C00E84D42 /* MainMenu.xib in Resources */ = {isa = PBXBuildFile; fileRef = 3A14483916B43A6C00E84D42 /* MainMenu.xib */; };
		3A14486716B43D6800E84D42 /* CorePlot.framework in Frameworks */ = {isa = PBXBuildFile; fileRef = 3A14486416B43CD600E84D42 /* CorePlot.framework */; };
		3A14486816B43DC100E84D42 /* CorePlot.framework in Resources */ = {isa = PBXBuildFile; fileRef = 3A14486416B43CD600E84D42 /* CorePlot.framework */; };
		3A14486A16B43E0B00E84D42 /* QuartzCore.framework in Frameworks */ = {isa = PBXBuildFile; fileRef = 3A14486916B43E0B00E84D42 /* QuartzCore.framework */; };
/* End PBXBuildFile section */

/* Begin PBXContainerItemProxy section */
		3A14486316B43CD600E84D42 /* PBXContainerItemProxy */ = {
			isa = PBXContainerItemProxy;
			containerPortal = 3A14485A16B43CD600E84D42 /* CorePlot.xcodeproj */;
			proxyType = 2;
			remoteGlobalIDString = 8DC2EF5B0486A6940098B216;
			remoteInfo = CorePlot;
		};
		3A14486516B43CD600E84D42 /* PBXContainerItemProxy */ = {
			isa = PBXContainerItemProxy;
			containerPortal = 3A14485A16B43CD600E84D42 /* CorePlot.xcodeproj */;
			proxyType = 2;
			remoteGlobalIDString = 0730F600109492D800E95162;
			remoteInfo = UnitTests;
		};
/* End PBXContainerItemProxy section */

/* Begin PBXFileReference section */
		3A14482016B43A6B00E84D42 /* AudioEnginePlotTest.app */ = {isa = PBXFileReference; explicitFileType = wrapper.application; includeInIndex = 0; path = AudioEnginePlotTest.app; sourceTree = BUILT_PRODUCTS_DIR; };
		3A14482416B43A6B00E84D42 /* Cocoa.framework */ = {isa = PBXFileReference; lastKnownFileType = wrapper.framework; name = Cocoa.framework; path = System/Library/Frameworks/Cocoa.framework; sourceTree = SDKROOT; };
		3A14482716B43A6B00E84D42 /* AppKit.framework */ = {isa = PBXFileReference; lastKnownFileType = wrapper.framework; name = AppKit.framework; path = System/Library/Frameworks/AppKit.framework; sourceTree = SDKROOT; };
		3A14482816B43A6B00E84D42 /* CoreData.framework */ = {isa = PBXFileReference; lastKnownFileType = wrapper.framework; name = CoreData.framework; path = System/Library/Frameworks/CoreData.framework; sourceTree = SDKROOT; };
		3A14482916B43A6B00E84D42 /* Foundation.framework */ = {isa = PBXFileReference; lastKnownFileType = wrapper.framework; name = Foundation.framework; path = System/Library/Frameworks/Foundation.framework; sourceTree = SDKROOT; };
		3A14482C16B43A6B00E84D42 /* AudioEnginePlotTest-Info.plist */ = {isa = PBXFileReference; lastKnownFileType = text.plist.xml; path = "AudioEnginePlotTest-Info.plist"; sourceTree = "<group>"; };
		3A14482E16B43A6B00E84D42 /* en */ = {isa = PBXFileReference; lastKnownFileType = text.plist.strings; name = en; path = en.lproj/InfoPlist.strings; sourceTree = "<group>"; };
		3A14483016B43A6B00E84D42 /* main.m */ = {isa = PBXFileReference; lastKnownFileType = sourcecode.c.objc; path = main.m; sourceTree = "<group>"; };
		3A14483216B43A6B00E84D42 /* AudioEnginePlotTest-Prefix.pch */ = {isa = PBXFileReference; lastKnownFileType = sourcecode.c.h; path = "AudioEnginePlotTest-Prefix.pch"; sourceTree = "<group>"; };
		3A14483416B43A6B00E84D42 /* en */ = {isa = PBXFileReference; lastKnownFileType = text.rtf; name = en; path = en.lproj/Credits.rtf; sourceTree = "<group>"; };
		3A14483616B43A6B00E84D42 /* AEAppDelegate.h */ = {isa = PBXFileReference; lastKnownFileType = sourcecode.c.h; path = AEAppDelegate.h; sourceTree = "<group>"; };
		3A14483716B43A6B00E84D42 /* AEAppDelegate.m */ = {isa = PBXFileReference; lastKnownFileType = sourcecode.c.objc; path = AEAppDelegate.m; sourceTree = "<group>"; };
		3A14483A16B43A6C00E84D42 /* en */ = {isa = PBXFileReference; lastKnownFileType = file.xib; name = en; path = en.lproj/MainMenu.xib; sourceTree = "<group>"; };
		3A14485A16B43CD600E84D42 /* CorePlot.xcodeproj */ = {isa = PBXFileReference; lastKnownFileType = "wrapper.pb-project"; name = CorePlot.xcodeproj; path = ../../../../../../../../Users/hans/Downloads/CorePlot_1.1/Source/framework/CorePlot.xcodeproj; sourceTree = "<group>"; };
		3A14486916B43E0B00E84D42 /* QuartzCore.framework */ = {isa = PBXFileReference; lastKnownFileType = wrapper.framework; name = QuartzCore.framework; path = System/Library/Frameworks/QuartzCore.framework; sourceTree = SDKROOT; };
/* End PBXFileReference section */

/* Begin PBXFrameworksBuildPhase section */
		3A14481D16B43A6B00E84D42 /* Frameworks */ = {
			isa = PBXFrameworksBuildPhase;
			buildActionMask = 2147483647;
			files = (
				3A14486A16B43E0B00E84D42 /* QuartzCore.framework in Frameworks */,
				3A14486716B43D6800E84D42 /* CorePlot.framework in Frameworks */,
				3A14482516B43A6B00E84D42 /* Cocoa.framework in Frameworks */,
			);
			runOnlyForDeploymentPostprocessing = 0;
		};
/* End PBXFrameworksBuildPhase section */

/* Begin PBXGroup section */
		3A14481516B43A6B00E84D42 = {
			isa = PBXGroup;
			children = (
				3A14486916B43E0B00E84D42 /* QuartzCore.framework */,
				3A14485A16B43CD600E84D42 /* CorePlot.xcodeproj */,
				3A14482A16B43A6B00E84D42 /* AudioEnginePlotTest */,
				3A14482316B43A6B00E84D42 /* Frameworks */,
				3A14482116B43A6B00E84D42 /* Products */,
			);
			sourceTree = "<group>";
		};
		3A14482116B43A6B00E84D42 /* Products */ = {
			isa = PBXGroup;
			children = (
				3A14482016B43A6B00E84D42 /* AudioEnginePlotTest.app */,
			);
			name = Products;
			sourceTree = "<group>";
		};
		3A14482316B43A6B00E84D42 /* Frameworks */ = {
			isa = PBXGroup;
			children = (
				3A14482416B43A6B00E84D42 /* Cocoa.framework */,
				3A14482616B43A6B00E84D42 /* Other Frameworks */,
			);
			name = Frameworks;
			sourceTree = "<group>";
		};
		3A14482616B43A6B00E84D42 /* Other Frameworks */ = {
			isa = PBXGroup;
			children = (
				3A14482716B43A6B00E84D42 /* AppKit.framework */,
				3A14482816B43A6B00E84D42 /* CoreData.framework */,
				3A14482916B43A6B00E84D42 /* Foundation.framework */,
			);
			name = "Other Frameworks";
			sourceTree = "<group>";
		};
		3A14482A16B43A6B00E84D42 /* AudioEnginePlotTest */ = {
			isa = PBXGroup;
			children = (
				3A14483616B43A6B00E84D42 /* AEAppDelegate.h */,
				3A14483716B43A6B00E84D42 /* AEAppDelegate.m */,
				3A14483916B43A6C00E84D42 /* MainMenu.xib */,
				3A14482B16B43A6B00E84D42 /* Supporting Files */,
			);
			path = AudioEnginePlotTest;
			sourceTree = "<group>";
		};
		3A14482B16B43A6B00E84D42 /* Supporting Files */ = {
			isa = PBXGroup;
			children = (
				3A14482C16B43A6B00E84D42 /* AudioEnginePlotTest-Info.plist */,
				3A14482D16B43A6B00E84D42 /* InfoPlist.strings */,
				3A14483016B43A6B00E84D42 /* main.m */,
				3A14483216B43A6B00E84D42 /* AudioEnginePlotTest-Prefix.pch */,
				3A14483316B43A6B00E84D42 /* Credits.rtf */,
			);
			name = "Supporting Files";
			sourceTree = "<group>";
		};
		3A14485B16B43CD600E84D42 /* Products */ = {
			isa = PBXGroup;
			children = (
				3A14486416B43CD600E84D42 /* CorePlot.framework */,
				3A14486616B43CD600E84D42 /* UnitTests.octest */,
			);
			name = Products;
			sourceTree = "<group>";
		};
/* End PBXGroup section */

/* Begin PBXNativeTarget section */
		3A14481F16B43A6B00E84D42 /* AudioEnginePlotTest */ = {
			isa = PBXNativeTarget;
			buildConfigurationList = 3A14483E16B43A6C00E84D42 /* Build configuration list for PBXNativeTarget "AudioEnginePlotTest" */;
			buildPhases = (
				3A14481C16B43A6B00E84D42 /* Sources */,
				3A14481D16B43A6B00E84D42 /* Frameworks */,
				3A14481E16B43A6B00E84D42 /* Resources */,
			);
			buildRules = (
			);
			dependencies = (
			);
			name = AudioEnginePlotTest;
			productName = AudioEnginePlotTest;
			productReference = 3A14482016B43A6B00E84D42 /* AudioEnginePlotTest.app */;
			productType = "com.apple.product-type.application";
		};
/* End PBXNativeTarget section */

/* Begin PBXProject section */
		3A14481716B43A6B00E84D42 /* Project object */ = {
			isa = PBXProject;
			attributes = {
				CLASSPREFIX = AE;
				LastUpgradeCheck = 0450;
				ORGANIZATIONNAME = DoReMIR;
			};
			buildConfigurationList = 3A14481A16B43A6B00E84D42 /* Build configuration list for PBXProject "AudioEnginePlotTest" */;
			compatibilityVersion = "Xcode 3.2";
			developmentRegion = English;
			hasScannedForEncodings = 0;
			knownRegions = (
				en,
			);
			mainGroup = 3A14481516B43A6B00E84D42;
			productRefGroup = 3A14482116B43A6B00E84D42 /* Products */;
			projectDirPath = "";
			projectReferences = (
				{
					ProductGroup = 3A14485B16B43CD600E84D42 /* Products */;
					ProjectRef = 3A14485A16B43CD600E84D42 /* CorePlot.xcodeproj */;
				},
			);
			projectRoot = "";
			targets = (
				3A14481F16B43A6B00E84D42 /* AudioEnginePlotTest */,
			);
		};
/* End PBXProject section */

/* Begin PBXReferenceProxy section */
		3A14486416B43CD600E84D42 /* CorePlot.framework */ = {
			isa = PBXReferenceProxy;
			fileType = wrapper.framework;
			path = CorePlot.framework;
			remoteRef = 3A14486316B43CD600E84D42 /* PBXContainerItemProxy */;
			sourceTree = BUILT_PRODUCTS_DIR;
		};
		3A14486616B43CD600E84D42 /* UnitTests.octest */ = {
			isa = PBXReferenceProxy;
			fileType = wrapper.cfbundle;
			path = UnitTests.octest;
			remoteRef = 3A14486516B43CD600E84D42 /* PBXContainerItemProxy */;
			sourceTree = BUILT_PRODUCTS_DIR;
		};
/* End PBXReferenceProxy section */

/* Begin PBXResourcesBuildPhase section */
		3A14481E16B43A6B00E84D42 /* Resources */ = {
			isa = PBXResourcesBuildPhase;
			buildActionMask = 2147483647;
			files = (
				3A14482F16B43A6B00E84D42 /* InfoPlist.strings in Resources */,
				3A14483516B43A6B00E84D42 /* Credits.rtf in Resources */,
				3A14486816B43DC100E84D42 /* CorePlot.framework in Resources */,
				3A14483B16B43A6C00E84D42 /* MainMenu.xib in Resources */,
			);
			runOnlyForDeploymentPostprocessing = 0;
		};
/* End PBXResourcesBuildPhase section */

/* Begin PBXSourcesBuildPhase section */
		3A14481C16B43A6B00E84D42 /* Sources */ = {
			isa = PBXSourcesBuildPhase;
			buildActionMask = 2147483647;
			files = (
				3A14483116B43A6B00E84D42 /* main.m in Sources */,
				3A14483816B43A6B00E84D42 /* AEAppDelegate.m in Sources */,
			);
			runOnlyForDeploymentPostprocessing = 0;
		};
/* End PBXSourcesBuildPhase section */

/* Begin PBXVariantGroup section */
		3A14482D16B43A6B00E84D42 /* InfoPlist.strings */ = {
			isa = PBXVariantGroup;
			children = (
				3A14482E16B43A6B00E84D42 /* en */,
			);
			name = InfoPlist.strings;
			sourceTree = "<group>";
		};
		3A14483316B43A6B00E84D42 /* Credits.rtf */ = {
			isa = PBXVariantGroup;
			children = (
				3A14483416B43A6B00E84D42 /* en */,
			);
			name = Credits.rtf;
			sourceTree = "<group>";
		};
		3A14483916B43A6C00E84D42 /* MainMenu.xib */ = {
			isa = PBXVariantGroup;
			children = (
				3A14483A16B43A6C00E84D42 /* en */,
			);
			name = MainMenu.xib;
			sourceTree = "<group>";
		};
/* End PBXVariantGroup section */

/* Begin XCBuildConfiguration section */
		3A14483C16B43A6C00E84D42 /* Debug */ = {
			isa = XCBuildConfiguration;
			buildSettings = {
				ALWAYS_SEARCH_USER_PATHS = NO;
				ARCHS = "$(ARCHS_STANDARD_64_BIT)";
				CLANG_CXX_LANGUAGE_STANDARD = "gnu++0x";
				CLANG_CXX_LIBRARY = "libc++";
				CLANG_WARN_EMPTY_BODY = YES;
				CLANG_WARN__DUPLICATE_METHOD_MATCH = YES;
				COPY_PHASE_STRIP = NO;
				GCC_C_LANGUAGE_STANDARD = gnu99;
				GCC_DYNAMIC_NO_PIC = NO;
				GCC_ENABLE_OBJC_EXCEPTIONS = YES;
				GCC_OPTIMIZATION_LEVEL = 0;
				GCC_PREPROCESSOR_DEFINITIONS = (
					"DEBUG=1",
					"$(inherited)",
				);
				GCC_SYMBOLS_PRIVATE_EXTERN = NO;
				GCC_WARN_64_TO_32_BIT_CONVERSION = YES;
				GCC_WARN_ABOUT_RETURN_TYPE = YES;
				GCC_WARN_UNINITIALIZED_AUTOS = YES;
				GCC_WARN_UNUSED_VARIABLE = YES;
				MACOSX_DEPLOYMENT_TARGET = 10.7;
				ONLY_ACTIVE_ARCH = YES;
				SDKROOT = macosx;
			};
			name = Debug;
		};
		3A14483D16B43A6C00E84D42 /* Release */ = {
			isa = XCBuildConfiguration;
			buildSettings = {
				ALWAYS_SEARCH_USER_PATHS = NO;
				ARCHS = "$(ARCHS_STANDARD_64_BIT)";
				CLANG_CXX_LANGUAGE_STANDARD = "gnu++0x";
				CLANG_CXX_LIBRARY = "libc++";
				CLANG_WARN_EMPTY_BODY = YES;
				CLANG_WARN__DUPLICATE_METHOD_MATCH = YES;
				COPY_PHASE_STRIP = YES;
				DEBUG_INFORMATION_FORMAT = "dwarf-with-dsym";
				GCC_C_LANGUAGE_STANDARD = gnu99;
				GCC_ENABLE_OBJC_EXCEPTIONS = YES;
				GCC_WARN_64_TO_32_BIT_CONVERSION = YES;
				GCC_WARN_ABOUT_RETURN_TYPE = YES;
				GCC_WARN_UNINITIALIZED_AUTOS = YES;
				GCC_WARN_UNUSED_VARIABLE = YES;
				MACOSX_DEPLOYMENT_TARGET = 10.7;
				SDKROOT = macosx;
			};
			name = Release;
		};
		3A14483F16B43A6C00E84D42 /* Debug */ = {
			isa = XCBuildConfiguration;
			buildSettings = {
				COMBINE_HIDPI_IMAGES = YES;
				FRAMEWORK_SEARCH_PATHS = (
					"$(inherited)",
					/Users/hans/Downloads/CorePlot_1.1/Binaries/MacOS,
					"\"$(SRCROOT)\"",
				);
				GCC_PRECOMPILE_PREFIX_HEADER = YES;
				GCC_PREFIX_HEADER = "AudioEnginePlotTest/AudioEnginePlotTest-Prefix.pch";
				INFOPLIST_FILE = "AudioEnginePlotTest/AudioEnginePlotTest-Info.plist";
				PRODUCT_NAME = "$(TARGET_NAME)";
				WRAPPER_EXTENSION = app;
			};
			name = Debug;
		};
		3A14484016B43A6C00E84D42 /* Release */ = {
			isa = XCBuildConfiguration;
			buildSettings = {
				COMBINE_HIDPI_IMAGES = YES;
				FRAMEWORK_SEARCH_PATHS = (
					"$(inherited)",
					/Users/hans/Downloads/CorePlot_1.1/Binaries/MacOS,
					"\"$(SRCROOT)\"",
				);
				GCC_PRECOMPILE_PREFIX_HEADER = YES;
				GCC_PREFIX_HEADER = "AudioEnginePlotTest/AudioEnginePlotTest-Prefix.pch";
				INFOPLIST_FILE = "AudioEnginePlotTest/AudioEnginePlotTest-Info.plist";
				PRODUCT_NAME = "$(TARGET_NAME)";
				WRAPPER_EXTENSION = app;
			};
			name = Release;
		};
/* End XCBuildConfiguration section */

/* Begin XCConfigurationList section */
		3A14481A16B43A6B00E84D42 /* Build configuration list for PBXProject "AudioEnginePlotTest" */ = {
			isa = XCConfigurationList;
			buildConfigurations = (
				3A14483C16B43A6C00E84D42 /* Debug */,
				3A14483D16B43A6C00E84D42 /* Release */,
			);
			defaultConfigurationIsVisible = 0;
			defaultConfigurationName = Release;
		};
		3A14483E16B43A6C00E84D42 /* Build configuration list for PBXNativeTarget "AudioEnginePlotTest" */ = {
			isa = XCConfigurationList;
			buildConfigurations = (
				3A14483F16B43A6C00E84D42 /* Debug */,
				3A14484016B43A6C00E84D42 /* Release */,
			);
			defaultConfigurationIsVisible = 0;
			defaultConfigurationName = Release;
		};
/* End XCConfigurationList section */
	};
	rootObject = 3A14481716B43A6B00E84D42 /* Project object */;
}
